lockfileVersion: '9.0'

settings:
  autoInstallPeers: true
  excludeLinksFromLockfile: false

importers:

  .:
    dependencies:
      dotenv:
        specifier: ^17.4.0
        version: 17.4.0

packages:

  dotenv@17.4.0:
    resolution: {integrity: sha512-kCKF62fwtzwYm0IGBNjRUjtJgMfGapII+FslMHIjMR5KTnwEmBmWLDRSnc3XSNP8bNy34tekgQyDT0hr7pERRQ==}
    engines: {node: '>=12'}

snapshots:

  dotenv@17.4.0: {}
